
Microsoft Visual Studio Solution File, Format Version 12.00
# Visual Studio 15
VisualStudioVersion = 15.0.27428.2037
MinimumVisualStudioVersion = 10.0.40219.1
Project("{2150E333-8FDC-42A3-9474-1A3956D46DE8}") = "src", "src", "{88327648-80FB-4509-B7B6-A566A44052DC}"
EndProject
Project("{2150E333-8FDC-42A3-9474-1A3956D46DE8}") = "test", "test", "{FA856B0D-72EB-433A-921A-57B643F938F0}"
EndProject
Project("{9A19103F-16F7-4668-BE54-9A1E7A4F7556}") = "CompilerFramework", "src\CompilerFramework\CompilerFramework.csproj", "{2269AE01-2D1C-4431-BCB3-ADD3DA8C270C}"
EndProject
Project("{9A19103F-16F7-4668-BE54-9A1E7A4F7556}") = "CompilerFramework.Test", "test\CompilerFramework.Test\CompilerFramework.Test.csproj", "{AB38C800-C90D-44B9-93ED-22ACB9D6E946}"
EndProject
Project("{2150E333-8FDC-42A3-9474-1A3956D46DE8}") = "Experiments", "Experiments", "{FC420D72-0BE7-4443-9A1B-C7FB7AB37E96}"
EndProject
Project("{9A19103F-16F7-4668-BE54-9A1E7A4F7556}") = "EX1", "src\Experiments\EX1\EX1.csproj", "{5CFB26F6-0196-4957-AAD4-9C3AEC2A24F4}"
EndProject
Project("{2150E333-8FDC-42A3-9474-1A3956D46DE8}") = "Experiments", "Experiments", "{41B5CAFE-125A-44EB-854A-963E5B86ED3A}"
EndProject
Project("{9A19103F-16F7-4668-BE54-9A1E7A4F7556}") = "EX1.Test", "test\Experiments\EX1.Test\EX1.Test.csproj", "{3FACC4F2-D0F7-4223-969C-4EF6E76FF785}"
EndProject
Project("{2150E333-8FDC-42A3-9474-1A3956D46DE8}") = "Solution Items", "Solution Items", "{CBC7CA6C-DC02-483F-8AAE-6BC1215F796D}"
	ProjectSection(SolutionItems) = preProject
		README.md = README.md
	EndProjectSection
EndProject
Project("{9A19103F-16F7-4668-BE54-9A1E7A4F7556}") = "CodePiece", "CodePiece\CodePiece.csproj", "{47437176-BD9F-4E99-9211-0C41ADAAB0A2}"
EndProject
Project("{9A19103F-16F7-4668-BE54-9A1E7A4F7556}") = "StackMachine", "src\StackMachine\StackMachine.csproj", "{F4842652-97D6-4FC7-8348-D257C9A7F485}"
EndProject
Project("{9A19103F-16F7-4668-BE54-9A1E7A4F7556}") = "StackMachine.Test", "test\StackMachine.Test\StackMachine.Test.csproj", "{567FB0AA-856F-4736-ABAC-C00B5C87FF92}"
EndProject
Project("{FAE04EC0-301F-11D3-BF4B-00C04F79EFBC}") = "EX2", "src\Experiments\EX2\EX2.csproj", "{61A12EB2-395F-499A-B22D-80DC557C1DF8}"
EndProject
Global
	GlobalSection(SolutionConfigurationPlatforms) = preSolution
		Debug|Any CPU = Debug|Any CPU
		Release|Any CPU = Release|Any CPU
	EndGlobalSection
	GlobalSection(ProjectConfigurationPlatforms) = postSolution
		{2269AE01-2D1C-4431-BCB3-ADD3DA8C270C}.Debug|Any CPU.ActiveCfg = Debug|Any CPU
		{2269AE01-2D1C-4431-BCB3-ADD3DA8C270C}.Debug|Any CPU.Build.0 = Debug|Any CPU
		{2269AE01-2D1C-4431-BCB3-ADD3DA8C270C}.Release|Any CPU.ActiveCfg = Release|Any CPU
		{2269AE01-2D1C-4431-BCB3-ADD3DA8C270C}.Release|Any CPU.Build.0 = Release|Any CPU
		{AB38C800-C90D-44B9-93ED-22ACB9D6E946}.Debug|Any CPU.ActiveCfg = Debug|Any CPU
		{AB38C800-C90D-44B9-93ED-22ACB9D6E946}.Debug|Any CPU.Build.0 = Debug|Any CPU
		{AB38C800-C90D-44B9-93ED-22ACB9D6E946}.Release|Any CPU.ActiveCfg = Release|Any CPU
		{AB38C800-C90D-44B9-93ED-22ACB9D6E946}.Release|Any CPU.Build.0 = Release|Any CPU
		{5CFB26F6-0196-4957-AAD4-9C3AEC2A24F4}.Debug|Any CPU.ActiveCfg = Debug|Any CPU
		{5CFB26F6-0196-4957-AAD4-9C3AEC2A24F4}.Debug|Any CPU.Build.0 = Debug|Any CPU
		{5CFB26F6-0196-4957-AAD4-9C3AEC2A24F4}.Release|Any CPU.ActiveCfg = Release|Any CPU
		{5CFB26F6-0196-4957-AAD4-9C3AEC2A24F4}.Release|Any CPU.Build.0 = Release|Any CPU
		{3FACC4F2-D0F7-4223-969C-4EF6E76FF785}.Debug|Any CPU.ActiveCfg = Debug|Any CPU
		{3FACC4F2-D0F7-4223-969C-4EF6E76FF785}.Debug|Any CPU.Build.0 = Debug|Any CPU
		{3FACC4F2-D0F7-4223-969C-4EF6E76FF785}.Release|Any CPU.ActiveCfg = Release|Any CPU
		{3FACC4F2-D0F7-4223-969C-4EF6E76FF785}.Release|Any CPU.Build.0 = Release|Any CPU
		{47437176-BD9F-4E99-9211-0C41ADAAB0A2}.Debug|Any CPU.ActiveCfg = Debug|Any CPU
		{47437176-BD9F-4E99-9211-0C41ADAAB0A2}.Debug|Any CPU.Build.0 = Debug|Any CPU
		{47437176-BD9F-4E99-9211-0C41ADAAB0A2}.Release|Any CPU.ActiveCfg = Release|Any CPU
		{47437176-BD9F-4E99-9211-0C41ADAAB0A2}.Release|Any CPU.Build.0 = Release|Any CPU
		{F4842652-97D6-4FC7-8348-D257C9A7F485}.Debug|Any CPU.ActiveCfg = Debug|Any CPU
		{F4842652-97D6-4FC7-8348-D257C9A7F485}.Debug|Any CPU.Build.0 = Debug|Any CPU
		{F4842652-97D6-4FC7-8348-D257C9A7F485}.Release|Any CPU.ActiveCfg = Release|Any CPU
		{F4842652-97D6-4FC7-8348-D257C9A7F485}.Release|Any CPU.Build.0 = Release|Any CPU
		{567FB0AA-856F-4736-ABAC-C00B5C87FF92}.Debug|Any CPU.ActiveCfg = Debug|Any CPU
		{567FB0AA-856F-4736-ABAC-C00B5C87FF92}.Debug|Any CPU.Build.0 = Debug|Any CPU
		{567FB0AA-856F-4736-ABAC-C00B5C87FF92}.Release|Any CPU.ActiveCfg = Release|Any CPU
		{567FB0AA-856F-4736-ABAC-C00B5C87FF92}.Release|Any CPU.Build.0 = Release|Any CPU
		{61A12EB2-395F-499A-B22D-80DC557C1DF8}.Debug|Any CPU.ActiveCfg = Debug|Any CPU
		{61A12EB2-395F-499A-B22D-80DC557C1DF8}.Debug|Any CPU.Build.0 = Debug|Any CPU
		{61A12EB2-395F-499A-B22D-80DC557C1DF8}.Release|Any CPU.ActiveCfg = Release|Any CPU
		{61A12EB2-395F-499A-B22D-80DC557C1DF8}.Release|Any CPU.Build.0 = Release|Any CPU
	EndGlobalSection
	GlobalSection(SolutionProperties) = preSolution
		HideSolutionNode = FALSE
	EndGlobalSection
	GlobalSection(NestedProjects) = preSolution
		{2269AE01-2D1C-4431-BCB3-ADD3DA8C270C} = {88327648-80FB-4509-B7B6-A566A44052DC}
		{AB38C800-C90D-44B9-93ED-22ACB9D6E946} = {FA856B0D-72EB-433A-921A-57B643F938F0}
		{FC420D72-0BE7-4443-9A1B-C7FB7AB37E96} = {88327648-80FB-4509-B7B6-A566A44052DC}
		{5CFB26F6-0196-4957-AAD4-9C3AEC2A24F4} = {FC420D72-0BE7-4443-9A1B-C7FB7AB37E96}
		{41B5CAFE-125A-44EB-854A-963E5B86ED3A} = {FA856B0D-72EB-433A-921A-57B643F938F0}
		{3FACC4F2-D0F7-4223-969C-4EF6E76FF785} = {41B5CAFE-125A-44EB-854A-963E5B86ED3A}
		{F4842652-97D6-4FC7-8348-D257C9A7F485} = {88327648-80FB-4509-B7B6-A566A44052DC}
		{567FB0AA-856F-4736-ABAC-C00B5C87FF92} = {FA856B0D-72EB-433A-921A-57B643F938F0}
		{61A12EB2-395F-499A-B22D-80DC557C1DF8} = {FC420D72-0BE7-4443-9A1B-C7FB7AB37E96}
	EndGlobalSection
	GlobalSection(ExtensibilityGlobals) = postSolution
		SolutionGuid = {E87FD7CA-605C-4BBE-B196-3B98AF5F2599}
	EndGlobalSection
EndGlobal
